{
  "version": 4,
  "terraform_version": "1.3.1",
  "serial": 2,
  "lineage": "207f62a2-52a6-e551-b90c-91454c915b00",
  "outputs": {
    "queue_id": {
      "value": "https://sqs.us-east-1.amazonaws.com/661594673103/terraform_sample_queue",
      "type": "string"
    }
  },
  "resources": [
    {
      "mode": "managed",
      "type": "aws_sqs_queue",
      "name": "sample_queue",
      "provider": "provider[\"registry.terraform.io/hashicorp/aws\"]",
      "instances": [
        {
          "schema_version": 0,
          "attributes": {
            "arn": "arn:aws:sqs:us-east-1:661594673103:terraform_sample_queue",
            "content_based_deduplication": false,
            "deduplication_scope": "",
            "delay_seconds": 90,
            "fifo_queue": false,
            "fifo_throughput_limit": "",
            "id": "https://sqs.us-east-1.amazonaws.com/661594673103/terraform_sample_queue",
            "kms_data_key_reuse_period_seconds": 300,
            "kms_master_key_id": "",
            "max_message_size": 2048,
            "message_retention_seconds": 86400,
            "name": "terraform_sample_queue",
            "name_prefix": "",
            "policy": "",
            "receive_wait_time_seconds": 10,
            "redrive_allow_policy": "",
            "redrive_policy": "",
            "sqs_managed_sse_enabled": true,
            "tags": {
              "Name": "SQS Queue"
            },
            "tags_all": {
              "Name": "SQS Queue"
            },
            "url": "https://sqs.us-east-1.amazonaws.com/661594673103/terraform_sample_queue",
            "visibility_timeout_seconds": 30
          },
          "sensitive_attributes": [],
          "private": "bnVsbA=="
        }
      ]
    }
  ],
  "check_results": []
}
